// !$*UTF8*$!
{
	archiveVersion = 1;
	classes = {
	};
	objectVersion = 46;
	objects = {

/* Begin PBXBuildFile section */
		666F9BD81BDDD278008F0A13 /* AppDelegate.swift in Sources */ = {isa = PBXBuildFile; fileRef = 666F9BD71BDDD278008F0A13 /* AppDelegate.swift */; };
		666F9BDA1BDDD278008F0A13 /* ViewController.swift in Sources */ = {isa = PBXBuildFile; fileRef = 666F9BD91BDDD278008F0A13 /* ViewController.swift */; };
		666F9BDF1BDDD278008F0A13 /* Assets.xcassets in Resources */ = {isa = PBXBuildFile; fileRef = 666F9BDE1BDDD278008F0A13 /* Assets.xcassets */; };
/* End PBXBuildFile section */

/* Begin PBXFileReference section */
		666F9BD41BDDD278008F0A13 /* SwiftViewAutoresizingMask.app */ = {isa = PBXFileReference; explicitFileType = wrapper.application; includeInIndex = 0; path = SwiftViewAutoresizingMask.app; sourceTree = BUILT_PRODUCTS_DIR; };
		666F9BD71BDDD278008F0A13 /* AppDelegate.swift */ = {isa = PBXFileReference; lastKnownFileType = sourcecode.swift; path = AppDelegate.swift; sourceTree = "<group>"; };
		666F9BD91BDDD278008F0A13 /* ViewController.swift */ = {isa = PBXFileReference; lastKnownFileType = sourcecode.swift; path = ViewController.swift; sourceTree = "<group>"; };
		666F9BDE1BDDD278008F0A13 /* Assets.xcassets */ = {isa = PBXFileReference; lastKnownFileType = folder.assetcatalog; path = Assets.xcassets; sourceTree = "<group>"; };
		666F9BE31BDDD278008F0A13 /* Info.plist */ = {isa = PBXFileReference; lastKnownFileType = text.plist.xml; path = Info.plist; sourceTree = "<group>"; };
/* End PBXFileReference section */

/* Begin PBXFrameworksBuildPhase section */
		666F9BD11BDDD278008F0A13 /* Frameworks */ = {
			isa = PBXFrameworksBuildPhase;
			buildActionMask = 2147483647;
			files = (
			);
			runOnlyForDeploymentPostprocessing = 0;
		};
/* End PBXFrameworksBuildPhase section */

/* Begin PBXGroup section */
		666F9BCB1BDDD278008F0A13 = {
			isa = PBXGroup;
			children = (
				666F9BD61BDDD278008F0A13 /* SwiftViewAutoresizingMask */,
				666F9BD51BDDD278008F0A13 /* Products */,
			);
			sourceTree = "<group>";
		};
		666F9BD51BDDD278008F0A13 /* Products */ = {
			isa = PBXGroup;
			children = (
				666F9BD41BDDD278008F0A13 /* SwiftViewAutoresizingMask.app */,
			);
			name = Products;
			sourceTree = "<group>";
		};
		666F9BD61BDDD278008F0A13 /* SwiftViewAutoresizingMask */ = {
			isa = PBXGroup;
			children = (
				666F9BD71BDDD278008F0A13 /* AppDelegate.swift */,
				666F9BD91BDDD278008F0A13 /* ViewController.swift */,
				666F9BDE1BDDD278008F0A13 /* Assets.xcassets */,
				666F9BE31BDDD278008F0A13 /* Info.plist */,
			);
			path = SwiftViewAutoresizingMask;
			sourceTree = "<group>";
		};
/* End PBXGroup section */

/* Begin PBXNativeTarget section */
		666F9BD31BDDD278008F0A13 /* SwiftViewAutoresizingMask */ = {
			isa = PBXNativeTarget;
			buildConfigurationList = 666F9BE61BDDD278008F0A13 /* Build configuration list for PBXNativeTarget "SwiftViewAutoresizingMask" */;
			buildPhases = (
				666F9BD01BDDD278008F0A13 /* Sources */,
				666F9BD11BDDD278008F0A13 /* Frameworks */,
				666F9BD21BDDD278008F0A13 /* Resources */,
			);
			buildRules = (
			);
			dependencies = (
			);
			name = SwiftViewAutoresizingMask;
			productName = SwiftViewAutoresizingMask;
			productReference = 666F9BD41BDDD278008F0A13 /* SwiftViewAutoresizingMask.app */;
			productType = "com.apple.product-type.application";
		};
/* End PBXNativeTarget section */

/* Begin PBXProject section */
		666F9BCC1BDDD278008F0A13 /* Project object */ = {
			isa = PBXProject;
			attributes = {
				LastSwiftUpdateCheck = 0710;
				LastUpgradeCheck = 0800;
				ORGANIZATIONNAME = wenyou;
				TargetAttributes = {
					666F9BD31BDDD278008F0A13 = {
						CreatedOnToolsVersion = 7.1;
						DevelopmentTeam = CY25956VB2;
						LastSwiftMigration = 0800;
						ProvisioningStyle = Automatic;
					};
				};
			};
			buildConfigurationList = 666F9BCF1BDDD278008F0A13 /* Build configuration list for PBXProject "SwiftViewAutoresizingMask" */;
			compatibilityVersion = "Xcode 3.2";
			developmentRegion = English;
			hasScannedForEncodings = 0;
			knownRegions = (
				en,
				Base,
			);
			mainGroup = 666F9BCB1BDDD278008F0A13;
			productRefGroup = 666F9BD51BDDD278008F0A13 /* Products */;
			projectDirPath = "";
			projectRoot = "";
			targets = (
				666F9BD31BDDD278008F0A13 /* SwiftViewAutoresizingMask */,
			);
		};
/* End PBXProject section */

/* Begin PBXResourcesBuildPhase section */
		666F9BD21BDDD278008F0A13 /* Resources */ = {
			isa = PBXResourcesBuildPhase;
			buildActionMask = 2147483647;
			files = (
				666F9BDF1BDDD278008F0A13 /* Assets.xcassets in Resources */,
			);
			runOnlyForDeploymentPostprocessing = 0;
		};
/* End PBXResourcesBuildPhase section */

/* Begin PBXSourcesBuildPhase section */
		666F9BD01BDDD278008F0A13 /* Sources */ = {
			isa = PBXSourcesBuildPhase;
			buildActionMask = 2147483647;
			files = (
				666F9BDA1BDDD278008F0A13 /* ViewController.swift in Sources */,
				666F9BD81BDDD278008F0A13 /* AppDelegate.swift in Sources */,
			);
			runOnlyForDeploymentPostprocessing = 0;
		};
/* End PBXSourcesBuildPhase section */

/* Begin XCBuildConfiguration section */
		666F9BE41BDDD278008F0A13 /* Debug */ = {
			isa = XCBuildConfiguration;
			buildSettings = {
				ALWAYS_SEARCH_USER_PATHS = NO;
				CLANG_CXX_LANGUAGE_STANDARD = "gnu++0x";
				CLANG_CXX_LIBRARY = "libc++";
				CLANG_ENABLE_MODULES = YES;
				CLANG_ENABLE_OBJC_ARC = YES;
				CLANG_WARN_BOOL_CONVERSION = YES;
				CLANG_WARN_CONSTANT_CONVERSION = YES;
				CLANG_WARN_DIRECT_OBJC_ISA_USAGE = YES_ERROR;
				CLANG_WARN_EMPTY_BODY = YES;
				CLANG_WARN_ENUM_CONVERSION = YES;
				CLANG_WARN_INFINITE_RECURSION = YES;
				CLANG_WARN_INT_CONVERSION = YES;
				CLANG_WARN_OBJC_ROOT_CLASS = YES_ERROR;
				CLANG_WARN_SUSPICIOUS_MOVE = YES;
				CLANG_WARN_UNREACHABLE_CODE = YES;
				CLANG_WARN__DUPLICATE_METHOD_MATCH = YES;
				"CODE_SIGN_IDENTITY[sdk=iphoneos*]" = "iPhone Developer";
				COPY_PHASE_STRIP = NO;
				DEBUG_INFORMATION_FORMAT = dwarf;
				ENABLE_STRICT_OBJC_MSGSEND = YES;
				ENABLE_TESTABILITY = YES;
				GCC_C_LANGUAGE_STANDARD = gnu99;
				GCC_DYNAMIC_NO_PIC = NO;
				GCC_NO_COMMON_BLOCKS = YES;
				GCC_OPTIMIZATION_LEVEL = 0;
				GCC_PREPROCESSOR_DEFINITIONS = (
					"DEBUG=1",
					"$(inherited)",
				);
				GCC_WARN_64_TO_32_BIT_CONVERSION = YES;
				GCC_WARN_ABOUT_RETURN_TYPE = YES_ERROR;
				GCC_WARN_UNDECLARED_SELECTOR = YES;
				GCC_WARN_UNINITIALIZED_AUTOS = YES_AGGRESSIVE;
				GCC_WARN_UNUSED_FUNCTION = YES;
				GCC_WARN_UNUSED_VARIABLE = YES;
				IPHONEOS_DEPLOYMENT_TARGET = 9.1;
				MTL_ENABLE_DEBUG_INFO = YES;
				ONLY_ACTIVE_ARCH = YES;
				SDKROOT = iphoneos;
				SWIFT_OPTIMIZATION_LEVEL = "-Onone";
			};
			name = Debug;
		};
		666F9BE51BDDD278008F0A13 /* Release */ = {
			isa = XCBuildConfiguration;
			buildSettings = {
				ALWAYS_SEARCH_USER_PATHS = NO;
				CLANG_CXX_LANGUAGE_STANDARD = "gnu++0x";
				CLANG_CXX_LIBRARY = "libc++";
				CLANG_ENABLE_MODULES = YES;
				CLANG_ENABLE_OBJC_ARC = YES;
				CLANG_WARN_BOOL_CONVERSION = YES;
				CLANG_WARN_CONSTANT_CONVERSION = YES;
				CLANG_WARN_DIRECT_OBJC_ISA_USAGE = YES_ERROR;
				CLANG_WARN_EMPTY_BODY = YES;
				CLANG_WARN_ENUM_CONVERSION = YES;
				CLANG_WARN_INFINITE_RECURSION = YES;
				CLANG_WARN_INT_CONVERSION = YES;
				CLANG_WARN_OBJC_ROOT_CLASS = YES_ERROR;
				CLANG_WARN_SUSPICIOUS_MOVE = YES;
				CLANG_WARN_UNREACHABLE_CODE = YES;
				CLANG_WARN__DUPLICATE_METHOD_MATCH = YES;
				"CODE_SIGN_IDENTITY[sdk=iphoneos*]" = "iPhone Developer";
				COPY_PHASE_STRIP = NO;
				DEBUG_INFORMATION_FORMAT = "dwarf-with-dsym";
				ENABLE_NS_ASSERTIONS = NO;
				ENABLE_STRICT_OBJC_MSGSEND = YES;
				GCC_C_LANGUAGE_STANDARD = gnu99;
				GCC_NO_COMMON_BLOCKS = YES;
				GCC_WARN_64_TO_32_BIT_CONVERSION = YES;
				GCC_WARN_ABOUT_RETURN_TYPE = YES_ERROR;
				GCC_WARN_UNDECLARED_SELECTOR = YES;
				GCC_WARN_UNINITIALIZED_AUTOS = YES_AGGRESSIVE;
				GCC_WARN_UNUSED_FUNCTION = YES;
				GCC_WARN_UNUSED_VARIABLE = YES;
				IPHONEOS_DEPLOYMENT_TARGET = 9.1;
				MTL_ENABLE_DEBUG_INFO = NO;
				SDKROOT = iphoneos;
				SWIFT_OPTIMIZATION_LEVEL = "-Owholemodule";
				VALIDATE_PRODUCT = YES;
			};
			name = Release;
		};
		666F9BE71BDDD278008F0A13 /* Debug */ = {
			isa = XCBuildConfiguration;
			buildSettings = {
				ASSETCATALOG_COMPILER_APPICON_NAME = AppIcon;
				"CODE_SIGN_IDENTITY[sdk=iphoneos*]" = "iPhone Developer";
				DEVELOPMENT_TEAM = CY25956VB2;
				INFOPLIST_FILE = SwiftViewAutoresizingMask/Info.plist;
				IPHONEOS_DEPLOYMENT_TARGET = 10.2;
				LD_RUNPATH_SEARCH_PATHS = "$(inherited) @executable_path/Frameworks";
				PRODUCT_BUNDLE_IDENTIFIER = win.sourcecode;
				PRODUCT_NAME = "$(TARGET_NAME)";
				SWIFT_VERSION = 3.0;
			};
			name = Debug;
		};
		666F9BE81BDDD278008F0A13 /* Release */ = {
			isa = XCBuildConfiguration;
			buildSettings = {
				ASSETCATALOG_COMPILER_APPICON_NAME = AppIcon;
				"CODE_SIGN_IDENTITY[sdk=iphoneos*]" = "iPhone Developer";
				DEVELOPMENT_TEAM = CY25956VB2;
				INFOPLIST_FILE = SwiftViewAutoresizingMask/Info.plist;
				IPHONEOS_DEPLOYMENT_TARGET = 10.2;
				LD_RUNPATH_SEARCH_PATHS = "$(inherited) @executable_path/Frameworks";
				PRODUCT_BUNDLE_IDENTIFIER = win.sourcecode;
				PRODUCT_NAME = "$(TARGET_NAME)";
				SWIFT_VERSION = 3.0;
			};
			name = Release;
		};
/* End XCBuildConfiguration section */

/* Begin XCConfigurationList section */
		666F9BCF1BDDD278008F0A13 /* Build configuration list for PBXProject "SwiftViewAutoresizingMask" */ = {
			isa = XCConfigurationList;
			buildConfigurations = (
				666F9BE41BDDD278008F0A13 /* Debug */,
				666F9BE51BDDD278008F0A13 /* Release */,
			);
			defaultConfigurationIsVisible = 0;
			defaultConfigurationName = Release;
		};
		666F9BE61BDDD278008F0A13 /* Build configuration list for PBXNativeTarget "SwiftViewAutoresizingMask" */ = {
			isa = XCConfigurationList;
			buildConfigurations = (
				666F9BE71BDDD278008F0A13 /* Debug */,
				666F9BE81BDDD278008F0A13 /* Release */,
			);
			defaultConfigurationIsVisible = 0;
			defaultConfigurationName = Release;
		};
/* End XCConfigurationList section */
	};
	rootObject = 666F9BCC1BDDD278008F0A13 /* Project object */;
}
